
Microsoft Visual Studio Solution File, Format Version 12.00
# Visual Studio Version 17
VisualStudioVersion = 17.6.33829.357
MinimumVisualStudioVersion = 10.0.40219.1
Project("{9A19103F-16F7-4668-BE54-9A1E7A4F7556}") = "DesafioPOO", "DesafioPOO.csproj", "{C7DCACA8-DB3A-4762-80AE-33E83DBC3546}"
EndProject
Global
	GlobalSection(SolutionConfigurationPlatforms) = preSolution
		Debug|Any CPU = Debug|Any CPU
		Release|Any CPU = Release|Any CPU
	EndGlobalSection
	GlobalSection(ProjectConfigurationPlatforms) = postSolution
		{C7DCACA8-DB3A-4762-80AE-33E83DBC3546}.Debug|Any CPU.ActiveCfg = Debug|Any CPU
		{C7DCACA8-DB3A-4762-80AE-33E83DBC3546}.Debug|Any CPU.Build.0 = Debug|Any CPU
		{C7DCACA8-DB3A-4762-80AE-33E83DBC3546}.Release|Any CPU.ActiveCfg = Release|Any CPU
		{C7DCACA8-DB3A-4762-80AE-33E83DBC3546}.Release|Any CPU.Build.0 = Release|Any CPU
	EndGlobalSection
	GlobalSection(SolutionProperties) = preSolution
		HideSolutionNode = FALSE
	EndGlobalSection
	GlobalSection(ExtensibilityGlobals) = postSolution
		SolutionGuid = {91B5CBDC-7D43-4799-B797-39B4F82CC3A3}
	EndGlobalSection
EndGlobal
